
Microsoft Visual Studio Solution File, Format Version 12.00
# Visual Studio Version 16
VisualStudioVersion = 16.0.30611.23
MinimumVisualStudioVersion = 10.0.40219.1
Project("{2150E333-8FDC-42A3-9474-1A3956D46DE8}") = "Presentation", "Presentation", "{B998E5FA-94EE-45D9-948B-748247C3002C}"
EndProject
Project("{9A19103F-16F7-4668-BE54-9A1E7A4F7556}") = "PresentationWebApp", "PresentationWebApp\PresentationWebApp.csproj", "{F0320ED5-0683-4922-8D15-BBAC55DFFAE1}"
EndProject
Project("{2150E333-8FDC-42A3-9474-1A3956D46DE8}") = "Data", "Data", "{84CEDCEB-ABEA-4C8B-97AA-A40C227DB3DA}"
EndProject
Project("{2150E333-8FDC-42A3-9474-1A3956D46DE8}") = "Application", "Application", "{8ECC64BC-0D06-414E-9514-A86C699569F7}"
EndProject
Project("{2150E333-8FDC-42A3-9474-1A3956D46DE8}") = "Domain", "Domain", "{4DC4B87F-63C0-4A9B-BB3B-4ED3F46AF7EA}"
EndProject
Project("{2150E333-8FDC-42A3-9474-1A3956D46DE8}") = "IOC", "IOC", "{380D8976-C61C-4831-A25F-4606C358CBA8}"
EndProject
Project("{FAE04EC0-301F-11D3-BF4B-00C04F79EFBC}") = "ECommerce.Domain", "ShoppingCartDomain\ECommerce.Domain.csproj", "{9B83EE75-5954-4FF9-9139-89C283033438}"
EndProject
Project("{FAE04EC0-301F-11D3-BF4B-00C04F79EFBC}") = "ECommerce.Data", "ShoppingCart.Data\ECommerce.Data.csproj", "{7FDB22CE-EE54-49E6-A238-49D95E473B1E}"
EndProject
Project("{FAE04EC0-301F-11D3-BF4B-00C04F79EFBC}") = "ECommerce.Application", "ShoppingCart.Application\ECommerce.Application.csproj", "{D86DBE12-AEEB-4847-A571-613DC65E3E25}"
EndProject
Project("{FAE04EC0-301F-11D3-BF4B-00C04F79EFBC}") = "ECommerce.IOC", "ShoppingCart.IOC\ECommerce.IOC.csproj", "{D9299B44-B2C4-40CB-9590-EF8F1990BC16}"
EndProject
Global
	GlobalSection(SolutionConfigurationPlatforms) = preSolution
		Debug|Any CPU = Debug|Any CPU
		Release|Any CPU = Release|Any CPU
	EndGlobalSection
	GlobalSection(ProjectConfigurationPlatforms) = postSolution
		{F0320ED5-0683-4922-8D15-BBAC55DFFAE1}.Debug|Any CPU.ActiveCfg = Debug|Any CPU
		{F0320ED5-0683-4922-8D15-BBAC55DFFAE1}.Debug|Any CPU.Build.0 = Debug|Any CPU
		{F0320ED5-0683-4922-8D15-BBAC55DFFAE1}.Release|Any CPU.ActiveCfg = Release|Any CPU
		{F0320ED5-0683-4922-8D15-BBAC55DFFAE1}.Release|Any CPU.Build.0 = Release|Any CPU
		{9B83EE75-5954-4FF9-9139-89C283033438}.Debug|Any CPU.ActiveCfg = Debug|Any CPU
		{9B83EE75-5954-4FF9-9139-89C283033438}.Debug|Any CPU.Build.0 = Debug|Any CPU
		{9B83EE75-5954-4FF9-9139-89C283033438}.Release|Any CPU.ActiveCfg = Release|Any CPU
		{9B83EE75-5954-4FF9-9139-89C283033438}.Release|Any CPU.Build.0 = Release|Any CPU
		{7FDB22CE-EE54-49E6-A238-49D95E473B1E}.Debug|Any CPU.ActiveCfg = Debug|Any CPU
		{7FDB22CE-EE54-49E6-A238-49D95E473B1E}.Debug|Any CPU.Build.0 = Debug|Any CPU
		{7FDB22CE-EE54-49E6-A238-49D95E473B1E}.Release|Any CPU.ActiveCfg = Release|Any CPU
		{7FDB22CE-EE54-49E6-A238-49D95E473B1E}.Release|Any CPU.Build.0 = Release|Any CPU
		{D86DBE12-AEEB-4847-A571-613DC65E3E25}.Debug|Any CPU.ActiveCfg = Debug|Any CPU
		{D86DBE12-AEEB-4847-A571-613DC65E3E25}.Debug|Any CPU.Build.0 = Debug|Any CPU
		{D86DBE12-AEEB-4847-A571-613DC65E3E25}.Release|Any CPU.ActiveCfg = Release|Any CPU
		{D86DBE12-AEEB-4847-A571-613DC65E3E25}.Release|Any CPU.Build.0 = Release|Any CPU
		{D9299B44-B2C4-40CB-9590-EF8F1990BC16}.Debug|Any CPU.ActiveCfg = Debug|Any CPU
		{D9299B44-B2C4-40CB-9590-EF8F1990BC16}.Debug|Any CPU.Build.0 = Debug|Any CPU
		{D9299B44-B2C4-40CB-9590-EF8F1990BC16}.Release|Any CPU.ActiveCfg = Release|Any CPU
		{D9299B44-B2C4-40CB-9590-EF8F1990BC16}.Release|Any CPU.Build.0 = Release|Any CPU
	EndGlobalSection
	GlobalSection(SolutionProperties) = preSolution
		HideSolutionNode = FALSE
	EndGlobalSection
	GlobalSection(NestedProjects) = preSolution
		{F0320ED5-0683-4922-8D15-BBAC55DFFAE1} = {B998E5FA-94EE-45D9-948B-748247C3002C}
		{9B83EE75-5954-4FF9-9139-89C283033438} = {4DC4B87F-63C0-4A9B-BB3B-4ED3F46AF7EA}
		{7FDB22CE-EE54-49E6-A238-49D95E473B1E} = {84CEDCEB-ABEA-4C8B-97AA-A40C227DB3DA}
		{D86DBE12-AEEB-4847-A571-613DC65E3E25} = {8ECC64BC-0D06-414E-9514-A86C699569F7}
		{D9299B44-B2C4-40CB-9590-EF8F1990BC16} = {380D8976-C61C-4831-A25F-4606C358CBA8}
	EndGlobalSection
	GlobalSection(ExtensibilityGlobals) = postSolution
		SolutionGuid = {9EBC3FDF-4FF7-466A-9AD7-11E06D7E3603}
	EndGlobalSection
EndGlobal
